// !$*UTF8*$!
{
	archiveVersion = 1;
	classes = {
	};
	objectVersion = 77;
	objects = {

/* Begin PBXBuildFile section */
		525905052D2149E500964829 /* Translation.framework in Frameworks */ = {isa = PBXBuildFile; fileRef = 525905042D2149E400964829 /* Translation.framework */; };
		525905072D214AB200964829 /* Translation.framework in Frameworks */ = {isa = PBXBuildFile; fileRef = 525905062D214AB200964829 /* Translation.framework */; };
		528ACB572D163252008D358C /* netflix-double-subtitles Extension.appex in Embed Foundation Extensions */ = {isa = PBXBuildFile; fileRef = 528ACB562D163252008D358C /* netflix-double-subtitles Extension.appex */; settings = {ATTRIBUTES = (RemoveHeadersOnCopy, ); }; };
		528ACB612D163252008D358C /* netflix-double-subtitles Extension.appex in Embed Foundation Extensions */ = {isa = PBXBuildFile; fileRef = 528ACB602D163252008D358C /* netflix-double-subtitles Extension.appex */; settings = {ATTRIBUTES = (RemoveHeadersOnCopy, ); }; };
/* End PBXBuildFile section */

/* Begin PBXContainerItemProxy section */
		528ACB582D163252008D358C /* PBXContainerItemProxy */ = {
			isa = PBXContainerItemProxy;
			containerPortal = 528ACB1C2D16324F008D358C /* Project object */;
			proxyType = 1;
			remoteGlobalIDString = 528ACB552D163252008D358C;
			remoteInfo = "netflix-subs-mp Extension (iOS)";
		};
		528ACB622D163252008D358C /* PBXContainerItemProxy */ = {
			isa = PBXContainerItemProxy;
			containerPortal = 528ACB1C2D16324F008D358C /* Project object */;
			proxyType = 1;
			remoteGlobalIDString = 528ACB5F2D163252008D358C;
			remoteInfo = "netflix-subs-mp Extension (macOS)";
		};
/* End PBXContainerItemProxy section */

/* Begin PBXCopyFilesBuildPhase section */
		528ACB8A2D163252008D358C /* Embed Foundation Extensions */ = {
			isa = PBXCopyFilesBuildPhase;
			buildActionMask = 2147483647;
			dstPath = "";
			dstSubfolderSpec = 13;
			files = (
				528ACB572D163252008D358C /* netflix-double-subtitles Extension.appex in Embed Foundation Extensions */,
			);
			name = "Embed Foundation Extensions";
			runOnlyForDeploymentPostprocessing = 0;
		};
		528ACB942D163252008D358C /* Embed Foundation Extensions */ = {
			isa = PBXCopyFilesBuildPhase;
			buildActionMask = 2147483647;
			dstPath = "";
			dstSubfolderSpec = 13;
			files = (
				528ACB612D163252008D358C /* netflix-double-subtitles Extension.appex in Embed Foundation Extensions */,
			);
			name = "Embed Foundation Extensions";
			runOnlyForDeploymentPostprocessing = 0;
		};
/* End PBXCopyFilesBuildPhase section */

/* Begin PBXFileReference section */
		525905042D2149E400964829 /* Translation.framework */ = {isa = PBXFileReference; lastKnownFileType = wrapper.framework; name = Translation.framework; path = System/Library/Frameworks/Translation.framework; sourceTree = SDKROOT; };
		525905062D214AB200964829 /* Translation.framework */ = {isa = PBXFileReference; lastKnownFileType = wrapper.framework; name = Translation.framework; path = Platforms/iPhoneOS.platform/Developer/SDKs/iPhoneOS18.2.sdk/System/Library/Frameworks/Translation.framework; sourceTree = DEVELOPER_DIR; };
		528ACB382D163252008D358C /* netflix-double-subtitles.app */ = {isa = PBXFileReference; explicitFileType = wrapper.application; includeInIndex = 0; path = "netflix-double-subtitles.app"; sourceTree = BUILT_PRODUCTS_DIR; };
		528ACB4A2D163252008D358C /* netflix-double-subtitles.app */ = {isa = PBXFileReference; explicitFileType = wrapper.application; includeInIndex = 0; path = "netflix-double-subtitles.app"; sourceTree = BUILT_PRODUCTS_DIR; };
		528ACB562D163252008D358C /* netflix-double-subtitles Extension.appex */ = {isa = PBXFileReference; explicitFileType = "wrapper.app-extension"; includeInIndex = 0; path = "netflix-double-subtitles Extension.appex"; sourceTree = BUILT_PRODUCTS_DIR; };
		528ACB602D163252008D358C /* netflix-double-subtitles Extension.appex */ = {isa = PBXFileReference; explicitFileType = "wrapper.app-extension"; includeInIndex = 0; path = "netflix-double-subtitles Extension.appex"; sourceTree = BUILT_PRODUCTS_DIR; };
/* End PBXFileReference section */

/* Begin PBXFileSystemSynchronizedBuildFileExceptionSet section */
		528ACB852D163252008D358C /* Exceptions for "Shared (App)" folder in "netflix-double-subtitles (iOS)" target */ = {
			isa = PBXFileSystemSynchronizedBuildFileExceptionSet;
			membershipExceptions = (
				"/Localized: Resources/Main.html",
				Assets.xcassets,
				Resources/Icon.png,
				Resources/Script.js,
				Resources/Style.css,
				ViewController.swift,
			);
			target = 528ACB372D163252008D358C /* netflix-double-subtitles (iOS) */;
		};
		528ACB892D163252008D358C /* Exceptions for "iOS (Extension)" folder in "netflix-double-subtitles Extension (iOS)" target */ = {
			isa = PBXFileSystemSynchronizedBuildFileExceptionSet;
			membershipExceptions = (
				Info.plist,
			);
			target = 528ACB552D163252008D358C /* netflix-double-subtitles Extension (iOS) */;
		};
		528ACB8E2D163252008D358C /* Exceptions for "iOS (App)" folder in "netflix-double-subtitles (iOS)" target */ = {
			isa = PBXFileSystemSynchronizedBuildFileExceptionSet;
			membershipExceptions = (
				Info.plist,
			);
			target = 528ACB372D163252008D358C /* netflix-double-subtitles (iOS) */;
		};
		528ACB8F2D163252008D358C /* Exceptions for "Shared (App)" folder in "netflix-double-subtitles (macOS)" target */ = {
			isa = PBXFileSystemSynchronizedBuildFileExceptionSet;
			membershipExceptions = (
				"/Localized: Resources/Main.html",
				Assets.xcassets,
				Resources/Icon.png,
				Resources/Script.js,
				Resources/Style.css,
				ViewController.swift,
			);
			target = 528ACB492D163252008D358C /* netflix-double-subtitles (macOS) */;
		};
		528ACB932D163252008D358C /* Exceptions for "macOS (Extension)" folder in "netflix-double-subtitles Extension (macOS)" target */ = {
			isa = PBXFileSystemSynchronizedBuildFileExceptionSet;
			membershipExceptions = (
				Info.plist,
			);
			target = 528ACB5F2D163252008D358C /* netflix-double-subtitles Extension (macOS) */;
		};
		528ACB982D163252008D358C /* Exceptions for "Shared (Extension)" folder in "netflix-double-subtitles Extension (iOS)" target */ = {
			isa = PBXFileSystemSynchronizedBuildFileExceptionSet;
			membershipExceptions = (
				Resources/_locales,
				Resources/background.js,
				Resources/content.js,
				Resources/images,
				Resources/manifest.json,
				Resources/popup.css,
				Resources/popup.html,
				Resources/popup.js,
				SafariWebExtensionHandler.swift,
			);
			target = 528ACB552D163252008D358C /* netflix-double-subtitles Extension (iOS) */;
		};
		528ACB992D163252008D358C /* Exceptions for "Shared (Extension)" folder in "netflix-double-subtitles Extension (macOS)" target */ = {
			isa = PBXFileSystemSynchronizedBuildFileExceptionSet;
			membershipExceptions = (
				Resources/_locales,
				Resources/background.js,
				Resources/content.js,
				Resources/images,
				Resources/manifest.json,
				Resources/popup.css,
				Resources/popup.html,
				Resources/popup.js,
				SafariWebExtensionHandler.swift,
			);
			target = 528ACB5F2D163252008D358C /* netflix-double-subtitles Extension (macOS) */;
		};
/* End PBXFileSystemSynchronizedBuildFileExceptionSet section */

/* Begin PBXFileSystemSynchronizedRootGroup section */
		528ACB202D163250008D358C /* Shared (App) */ = {
			isa = PBXFileSystemSynchronizedRootGroup;
			exceptions = (
				528ACB852D163252008D358C /* Exceptions for "Shared (App)" folder in "netflix-double-subtitles (iOS)" target */,
				528ACB8F2D163252008D358C /* Exceptions for "Shared (App)" folder in "netflix-double-subtitles (macOS)" target */,
			);
			path = "Shared (App)";
			sourceTree = "<group>";
		};
		528ACB292D163252008D358C /* Shared (Extension) */ = {
			isa = PBXFileSystemSynchronizedRootGroup;
			exceptions = (
				528ACB982D163252008D358C /* Exceptions for "Shared (Extension)" folder in "netflix-double-subtitles Extension (iOS)" target */,
				528ACB992D163252008D358C /* Exceptions for "Shared (Extension)" folder in "netflix-double-subtitles Extension (macOS)" target */,
			);
			explicitFolders = (
				Resources/_locales,
				Resources/images,
			);
			path = "Shared (Extension)";
			sourceTree = "<group>";
		};
		528ACB3A2D163252008D358C /* iOS (App) */ = {
			isa = PBXFileSystemSynchronizedRootGroup;
			exceptions = (
				528ACB8E2D163252008D358C /* Exceptions for "iOS (App)" folder in "netflix-double-subtitles (iOS)" target */,
			);
			path = "iOS (App)";
			sourceTree = "<group>";
		};
		528ACB4B2D163252008D358C /* macOS (App) */ = {
			isa = PBXFileSystemSynchronizedRootGroup;
			path = "macOS (App)";
			sourceTree = "<group>";
		};
		528ACB5A2D163252008D358C /* iOS (Extension) */ = {
			isa = PBXFileSystemSynchronizedRootGroup;
			exceptions = (
				528ACB892D163252008D358C /* Exceptions for "iOS (Extension)" folder in "netflix-double-subtitles Extension (iOS)" target */,
			);
			path = "iOS (Extension)";
			sourceTree = "<group>";
		};
		528ACB642D163252008D358C /* macOS (Extension) */ = {
			isa = PBXFileSystemSynchronizedRootGroup;
			exceptions = (
				528ACB932D163252008D358C /* Exceptions for "macOS (Extension)" folder in "netflix-double-subtitles Extension (macOS)" target */,
			);
			path = "macOS (Extension)";
			sourceTree = "<group>";
		};
/* End PBXFileSystemSynchronizedRootGroup section */

/* Begin PBXFrameworksBuildPhase section */
		528ACB352D163252008D358C /* Frameworks */ = {
			isa = PBXFrameworksBuildPhase;
			buildActionMask = 2147483647;
			files = (
			);
			runOnlyForDeploymentPostprocessing = 0;
		};
		528ACB472D163252008D358C /* Frameworks */ = {
			isa = PBXFrameworksBuildPhase;
			buildActionMask = 2147483647;
			files = (
			);
			runOnlyForDeploymentPostprocessing = 0;
		};
		528ACB532D163252008D358C /* Frameworks */ = {
			isa = PBXFrameworksBuildPhase;
			buildActionMask = 2147483647;
			files = (
				525905072D214AB200964829 /* Translation.framework in Frameworks */,
			);
			runOnlyForDeploymentPostprocessing = 0;
		};
		528ACB5D2D163252008D358C /* Frameworks */ = {
			isa = PBXFrameworksBuildPhase;
			buildActionMask = 2147483647;
			files = (
				525905052D2149E500964829 /* Translation.framework in Frameworks */,
			);
			runOnlyForDeploymentPostprocessing = 0;
		};
/* End PBXFrameworksBuildPhase section */

/* Begin PBXGroup section */
		525905032D2149E400964829 /* Frameworks */ = {
			isa = PBXGroup;
			children = (
				525905062D214AB200964829 /* Translation.framework */,
				525905042D2149E400964829 /* Translation.framework */,
			);
			name = Frameworks;
			sourceTree = "<group>";
		};
		528ACB1B2D16324F008D358C = {
			isa = PBXGroup;
			children = (
				528ACB202D163250008D358C /* Shared (App) */,
				528ACB292D163252008D358C /* Shared (Extension) */,
				528ACB3A2D163252008D358C /* iOS (App) */,
				528ACB4B2D163252008D358C /* macOS (App) */,
				528ACB5A2D163252008D358C /* iOS (Extension) */,
				528ACB642D163252008D358C /* macOS (Extension) */,
				525905032D2149E400964829 /* Frameworks */,
				528ACB392D163252008D358C /* Products */,
			);
			sourceTree = "<group>";
		};
		528ACB392D163252008D358C /* Products */ = {
			isa = PBXGroup;
			children = (
				528ACB382D163252008D358C /* netflix-double-subtitles.app */,
				528ACB4A2D163252008D358C /* netflix-double-subtitles.app */,
				528ACB562D163252008D358C /* netflix-double-subtitles Extension.appex */,
				528ACB602D163252008D358C /* netflix-double-subtitles Extension.appex */,
			);
			name = Products;
			sourceTree = "<group>";
		};
/* End PBXGroup section */

/* Begin PBXNativeTarget section */
		528ACB372D163252008D358C /* netflix-double-subtitles (iOS) */ = {
			isa = PBXNativeTarget;
			buildConfigurationList = 528ACB8B2D163252008D358C /* Build configuration list for PBXNativeTarget "netflix-double-subtitles (iOS)" */;
			buildPhases = (
				528ACB342D163252008D358C /* Sources */,
				528ACB352D163252008D358C /* Frameworks */,
				528ACB362D163252008D358C /* Resources */,
				528ACB8A2D163252008D358C /* Embed Foundation Extensions */,
			);
			buildRules = (
			);
			dependencies = (
				528ACB592D163252008D358C /* PBXTargetDependency */,
			);
			fileSystemSynchronizedGroups = (
				528ACB3A2D163252008D358C /* iOS (App) */,
			);
			name = "netflix-double-subtitles (iOS)";
			packageProductDependencies = (
			);
			productName = "netflix-subs-mp (iOS)";
			productReference = 528ACB382D163252008D358C /* netflix-double-subtitles.app */;
			productType = "com.apple.product-type.application";
		};
		528ACB492D163252008D358C /* netflix-double-subtitles (macOS) */ = {
			isa = PBXNativeTarget;
			buildConfigurationList = 528ACB952D163252008D358C /* Build configuration list for PBXNativeTarget "netflix-double-subtitles (macOS)" */;
			buildPhases = (
				528ACB462D163252008D358C /* Sources */,
				528ACB472D163252008D358C /* Frameworks */,
				528ACB482D163252008D358C /* Resources */,
				528ACB942D163252008D358C /* Embed Foundation Extensions */,
			);
			buildRules = (
			);
			dependencies = (
				528ACB632D163252008D358C /* PBXTargetDependency */,
			);
			fileSystemSynchronizedGroups = (
				528ACB4B2D163252008D358C /* macOS (App) */,
			);
			name = "netflix-double-subtitles (macOS)";
			packageProductDependencies = (
			);
			productName = "netflix-subs-mp (macOS)";
			productReference = 528ACB4A2D163252008D358C /* netflix-double-subtitles.app */;
			productType = "com.apple.product-type.application";
		};
		528ACB552D163252008D358C /* netflix-double-subtitles Extension (iOS) */ = {
			isa = PBXNativeTarget;
			buildConfigurationList = 528ACB862D163252008D358C /* Build configuration list for PBXNativeTarget "netflix-double-subtitles Extension (iOS)" */;
			buildPhases = (
				528ACB522D163252008D358C /* Sources */,
				528ACB532D163252008D358C /* Frameworks */,
				528ACB542D163252008D358C /* Resources */,
			);
			buildRules = (
			);
			dependencies = (
			);
			fileSystemSynchronizedGroups = (
				528ACB5A2D163252008D358C /* iOS (Extension) */,
			);
			name = "netflix-double-subtitles Extension (iOS)";
			packageProductDependencies = (
			);
			productName = "netflix-subs-mp Extension (iOS)";
			productReference = 528ACB562D163252008D358C /* netflix-double-subtitles Extension.appex */;
			productType = "com.apple.product-type.app-extension";
		};
		528ACB5F2D163252008D358C /* netflix-double-subtitles Extension (macOS) */ = {
			isa = PBXNativeTarget;
			buildConfigurationList = 528ACB902D163252008D358C /* Build configuration list for PBXNativeTarget "netflix-double-subtitles Extension (macOS)" */;
			buildPhases = (
				528ACB5C2D163252008D358C /* Sources */,
				528ACB5D2D163252008D358C /* Frameworks */,
				528ACB5E2D163252008D358C /* Resources */,
			);
			buildRules = (
			);
			dependencies = (
			);
			fileSystemSynchronizedGroups = (
				528ACB642D163252008D358C /* macOS (Extension) */,
			);
			name = "netflix-double-subtitles Extension (macOS)";
			packageProductDependencies = (
			);
			productName = "netflix-subs-mp Extension (macOS)";
			productReference = 528ACB602D163252008D358C /* netflix-double-subtitles Extension.appex */;
			productType = "com.apple.product-type.app-extension";
		};
/* End PBXNativeTarget section */

/* Begin PBXProject section */
		528ACB1C2D16324F008D358C /* Project object */ = {
			isa = PBXProject;
			attributes = {
				BuildIndependentTargetsInParallel = 1;
				LastSwiftUpdateCheck = 1620;
				LastUpgradeCheck = 1620;
				TargetAttributes = {
					528ACB372D163252008D358C = {
						CreatedOnToolsVersion = 16.2;
					};
					528ACB492D163252008D358C = {
						CreatedOnToolsVersion = 16.2;
					};
					528ACB552D163252008D358C = {
						CreatedOnToolsVersion = 16.2;
					};
					528ACB5F2D163252008D358C = {
						CreatedOnToolsVersion = 16.2;
					};
				};
			};
			buildConfigurationList = 528ACB1F2D16324F008D358C /* Build configuration list for PBXProject "netflix-double-subtitles" */;
			developmentRegion = en;
			hasScannedForEncodings = 0;
			knownRegions = (
				en,
				Base,
			);
			mainGroup = 528ACB1B2D16324F008D358C;
			minimizedProjectReferenceProxies = 1;
			preferredProjectObjectVersion = 77;
			productRefGroup = 528ACB392D163252008D358C /* Products */;
			projectDirPath = "";
			projectRoot = "";
			targets = (
				528ACB372D163252008D358C /* netflix-double-subtitles (iOS) */,
				528ACB492D163252008D358C /* netflix-double-subtitles (macOS) */,
				528ACB552D163252008D358C /* netflix-double-subtitles Extension (iOS) */,
				528ACB5F2D163252008D358C /* netflix-double-subtitles Extension (macOS) */,
			);
		};
/* End PBXProject section */

/* Begin PBXResourcesBuildPhase section */
		528ACB362D163252008D358C /* Resources */ = {
			isa = PBXResourcesBuildPhase;
			buildActionMask = 2147483647;
			files = (
			);
			runOnlyForDeploymentPostprocessing = 0;
		};
		528ACB482D163252008D358C /* Resources */ = {
			isa = PBXResourcesBuildPhase;
			buildActionMask = 2147483647;
			files = (
			);
			runOnlyForDeploymentPostprocessing = 0;
		};
		528ACB542D163252008D358C /* Resources */ = {
			isa = PBXResourcesBuildPhase;
			buildActionMask = 2147483647;
			files = (
			);
			runOnlyForDeploymentPostprocessing = 0;
		};
		528ACB5E2D163252008D358C /* Resources */ = {
			isa = PBXResourcesBuildPhase;
			buildActionMask = 2147483647;
			files = (
			);
			runOnlyForDeploymentPostprocessing = 0;
		};
/* End PBXResourcesBuildPhase section */

/* Begin PBXSourcesBuildPhase section */
		528ACB342D163252008D358C /* Sources */ = {
			isa = PBXSourcesBuildPhase;
			buildActionMask = 2147483647;
			files = (
			);
			runOnlyForDeploymentPostprocessing = 0;
		};
		528ACB462D163252008D358C /* Sources */ = {
			isa = PBXSourcesBuildPhase;
			buildActionMask = 2147483647;
			files = (
			);
			runOnlyForDeploymentPostprocessing = 0;
		};
		528ACB522D163252008D358C /* Sources */ = {
			isa = PBXSourcesBuildPhase;
			buildActionMask = 2147483647;
			files = (
			);
			runOnlyForDeploymentPostprocessing = 0;
		};
		528ACB5C2D163252008D358C /* Sources */ = {
			isa = PBXSourcesBuildPhase;
			buildActionMask = 2147483647;
			files = (
			);
			runOnlyForDeploymentPostprocessing = 0;
		};
/* End PBXSourcesBuildPhase section */

/* Begin PBXTargetDependency section */
		528ACB592D163252008D358C /* PBXTargetDependency */ = {
			isa = PBXTargetDependency;
			target = 528ACB552D163252008D358C /* netflix-double-subtitles Extension (iOS) */;
			targetProxy = 528ACB582D163252008D358C /* PBXContainerItemProxy */;
		};
		528ACB632D163252008D358C /* PBXTargetDependency */ = {
			isa = PBXTargetDependency;
			target = 528ACB5F2D163252008D358C /* netflix-double-subtitles Extension (macOS) */;
			targetProxy = 528ACB622D163252008D358C /* PBXContainerItemProxy */;
		};
/* End PBXTargetDependency section */

/* Begin XCBuildConfiguration section */
		528ACB872D163252008D358C /* Debug */ = {
			isa = XCBuildConfiguration;
			buildSettings = {
				CODE_SIGN_STYLE = Automatic;
				CURRENT_PROJECT_VERSION = 1;
				GENERATE_INFOPLIST_FILE = YES;
				INFOPLIST_FILE = "iOS (Extension)/Info.plist";
				INFOPLIST_KEY_CFBundleDisplayName = "netflix-subs-mp Extension";
				INFOPLIST_KEY_NSHumanReadableCopyright = "";
				IPHONEOS_DEPLOYMENT_TARGET = 15.0;
				LD_RUNPATH_SEARCH_PATHS = (
					"$(inherited)",
					"@executable_path/Frameworks",
					"@executable_path/../../Frameworks",
				);
				MARKETING_VERSION = 1.0;
				OTHER_LDFLAGS = (
					"-framework",
					SafariServices,
				);
				PRODUCT_BUNDLE_IDENTIFIER = "mourud.com.netflix-subs-mp.Extension";
				PRODUCT_NAME = "netflix-double-subtitles Extension";
				SDKROOT = iphoneos;
				SKIP_INSTALL = YES;
				SWIFT_EMIT_LOC_STRINGS = YES;
				SWIFT_VERSION = 5.0;
				TARGETED_DEVICE_FAMILY = "1,2";
			};
			name = Debug;
		};
		528ACB882D163252008D358C /* Release */ = {
			isa = XCBuildConfiguration;
			buildSettings = {
				CODE_SIGN_STYLE = Automatic;
				CURRENT_PROJECT_VERSION = 1;
				GENERATE_INFOPLIST_FILE = YES;
				INFOPLIST_FILE = "iOS (Extension)/Info.plist";
				INFOPLIST_KEY_CFBundleDisplayName = "netflix-subs-mp Extension";
				INFOPLIST_KEY_NSHumanReadableCopyright = "";
				IPHONEOS_DEPLOYMENT_TARGET = 15.0;
				LD_RUNPATH_SEARCH_PATHS = (
					"$(inherited)",
					"@executable_path/Frameworks",
					"@executable_path/../../Frameworks",
				);
				MARKETING_VERSION = 1.0;
				OTHER_LDFLAGS = (
					"-framework",
					SafariServices,
				);
				PRODUCT_BUNDLE_IDENTIFIER = "mourud.com.netflix-subs-mp.Extension";
				PRODUCT_NAME = "netflix-double-subtitles Extension";
				SDKROOT = iphoneos;
				SKIP_INSTALL = YES;
				SWIFT_EMIT_LOC_STRINGS = YES;
				SWIFT_VERSION = 5.0;
				TARGETED_DEVICE_FAMILY = "1,2";
				VALIDATE_PRODUCT = YES;
			};
			name = Release;
		};
		528ACB8C2D163252008D358C /* Debug */ = {
			isa = XCBuildConfiguration;
			buildSettings = {
				ASSETCATALOG_COMPILER_APPICON_NAME = AppIcon;
				ASSETCATALOG_COMPILER_GLOBAL_ACCENT_COLOR_NAME = AccentColor;
				CODE_SIGN_STYLE = Automatic;
				CURRENT_PROJECT_VERSION = 1;
				GENERATE_INFOPLIST_FILE = YES;
				INFOPLIST_FILE = "iOS (App)/Info.plist";
				INFOPLIST_KEY_CFBundleDisplayName = "netflix-subs-mp";
				INFOPLIST_KEY_UIApplicationSupportsIndirectInputEvents = YES;
				INFOPLIST_KEY_UILaunchStoryboardName = LaunchScreen;
				INFOPLIST_KEY_UIMainStoryboardFile = Main;
				INFOPLIST_KEY_UISupportedInterfaceOrientations = "UIInterfaceOrientationPortrait UIInterfaceOrientationLandscapeLeft UIInterfaceOrientationLandscapeRight";
				INFOPLIST_KEY_UISupportedInterfaceOrientations_iPad = "UIInterfaceOrientationPortrait UIInterfaceOrientationPortraitUpsideDown UIInterfaceOrientationLandscapeLeft UIInterfaceOrientationLandscapeRight";
				IPHONEOS_DEPLOYMENT_TARGET = 15.0;
				LD_RUNPATH_SEARCH_PATHS = (
					"$(inherited)",
					"@executable_path/Frameworks",
				);
				MARKETING_VERSION = 1.0;
				OTHER_LDFLAGS = (
					"-framework",
					SafariServices,
					"-framework",
					WebKit,
				);
				PRODUCT_BUNDLE_IDENTIFIER = "mourud.com.netflix-subs-mp";
				PRODUCT_NAME = "netflix-double-subtitles";
				SDKROOT = iphoneos;
				SWIFT_EMIT_LOC_STRINGS = YES;
				SWIFT_VERSION = 5.0;
				TARGETED_DEVICE_FAMILY = "1,2";
			};
			name = Debug;
		};
		528ACB8D2D163252008D358C /* Release */ = {
			isa = XCBuildConfiguration;
			buildSettings = {
				ASSETCATALOG_COMPILER_APPICON_NAME = AppIcon;
				ASSETCATALOG_COMPILER_GLOBAL_ACCENT_COLOR_NAME = AccentColor;
				CODE_SIGN_STYLE = Automatic;
				CURRENT_PROJECT_VERSION = 1;
				GENERATE_INFOPLIST_FILE = YES;
				INFOPLIST_FILE = "iOS (App)/Info.plist";
				INFOPLIST_KEY_CFBundleDisplayName = "netflix-subs-mp";
				INFOPLIST_KEY_UIApplicationSupportsIndirectInputEvents = YES;
				INFOPLIST_KEY_UILaunchStoryboardName = LaunchScreen;
				INFOPLIST_KEY_UIMainStoryboardFile = Main;
				INFOPLIST_KEY_UISupportedInterfaceOrientations = "UIInterfaceOrientationPortrait UIInterfaceOrientationLandscapeLeft UIInterfaceOrientationLandscapeRight";
				INFOPLIST_KEY_UISupportedInterfaceOrientations_iPad = "UIInterfaceOrientationPortrait UIInterfaceOrientationPortraitUpsideDown UIInterfaceOrientationLandscapeLeft UIInterfaceOrientationLandscapeRight";
				IPHONEOS_DEPLOYMENT_TARGET = 15.0;
				LD_RUNPATH_SEARCH_PATHS = (
					"$(inherited)",
					"@executable_path/Frameworks",
				);
				MARKETING_VERSION = 1.0;
				OTHER_LDFLAGS = (
					"-framework",
					SafariServices,
					"-framework",
					WebKit,
				);
				PRODUCT_BUNDLE_IDENTIFIER = "mourud.com.netflix-subs-mp";
				PRODUCT_NAME = "netflix-double-subtitles";
				SDKROOT = iphoneos;
				SWIFT_EMIT_LOC_STRINGS = YES;
				SWIFT_VERSION = 5.0;
				TARGETED_DEVICE_FAMILY = "1,2";
				VALIDATE_PRODUCT = YES;
			};
			name = Release;
		};
		528ACB912D163252008D358C /* Debug */ = {
			isa = XCBuildConfiguration;
			buildSettings = {
				CODE_SIGN_ENTITLEMENTS = "macOS (Extension)/netflix-subs-mp.entitlements";
				CODE_SIGN_STYLE = Automatic;
				CURRENT_PROJECT_VERSION = 1;
				ENABLE_HARDENED_RUNTIME = YES;
				GENERATE_INFOPLIST_FILE = YES;
				INFOPLIST_FILE = "macOS (Extension)/Info.plist";
				INFOPLIST_KEY_CFBundleDisplayName = "netflix-subs-mp Extension";
				INFOPLIST_KEY_NSHumanReadableCopyright = "";
				LD_RUNPATH_SEARCH_PATHS = (
					"$(inherited)",
					"@executable_path/../Frameworks",
					"@executable_path/../../../../Frameworks",
				);
				MACOSX_DEPLOYMENT_TARGET = 10.14;
				MARKETING_VERSION = 1.0;
				OTHER_LDFLAGS = (
					"-framework",
					SafariServices,
				);
				PRODUCT_BUNDLE_IDENTIFIER = "mourud.com.netflix-subs-mp.Extension";
				PRODUCT_NAME = "netflix-double-subtitles Extension";
				SDKROOT = macosx;
				SKIP_INSTALL = YES;
				SWIFT_EMIT_LOC_STRINGS = YES;
				SWIFT_VERSION = 5.0;
			};
			name = Debug;
		};
		528ACB922D163252008D358C /* Release */ = {
			isa = XCBuildConfiguration;
			buildSettings = {
				CODE_SIGN_ENTITLEMENTS = "macOS (Extension)/netflix-subs-mp.entitlements";
				CODE_SIGN_STYLE = Automatic;
				CURRENT_PROJECT_VERSION = 1;
				ENABLE_HARDENED_RUNTIME = YES;
				GENERATE_INFOPLIST_FILE = YES;
				INFOPLIST_FILE = "macOS (Extension)/Info.plist";
				INFOPLIST_KEY_CFBundleDisplayName = "netflix-subs-mp Extension";
				INFOPLIST_KEY_NSHumanReadableCopyright = "";
				LD_RUNPATH_SEARCH_PATHS = (
					"$(inherited)",
					"@executable_path/../Frameworks",
					"@executable_path/../../../../Frameworks",
				);
				MACOSX_DEPLOYMENT_TARGET = 10.14;
				MARKETING_VERSION = 1.0;
				OTHER_LDFLAGS = (
					"-framework",
					SafariServices,
				);
				PRODUCT_BUNDLE_IDENTIFIER = "mourud.com.netflix-subs-mp.Extension";
				PRODUCT_NAME = "netflix-double-subtitles Extension";
				SDKROOT = macosx;
				SKIP_INSTALL = YES;
				SWIFT_EMIT_LOC_STRINGS = YES;
				SWIFT_VERSION = 5.0;
			};
			name = Release;
		};
		528ACB962D163252008D358C /* Debug */ = {
			isa = XCBuildConfiguration;
			buildSettings = {
				ASSETCATALOG_COMPILER_APPICON_NAME = AppIcon;
				ASSETCATALOG_COMPILER_GLOBAL_ACCENT_COLOR_NAME = AccentColor;
				CODE_SIGN_ENTITLEMENTS = "macOS (App)/netflix-subs-mp.entitlements";
				CODE_SIGN_STYLE = Automatic;
				CURRENT_PROJECT_VERSION = 1;
				ENABLE_HARDENED_RUNTIME = YES;
				GENERATE_INFOPLIST_FILE = YES;
				INFOPLIST_KEY_CFBundleDisplayName = "netflix-subs-mp";
				INFOPLIST_KEY_NSMainStoryboardFile = Main;
				INFOPLIST_KEY_NSPrincipalClass = NSApplication;
				LD_RUNPATH_SEARCH_PATHS = (
					"$(inherited)",
					"@executable_path/../Frameworks",
				);
				MACOSX_DEPLOYMENT_TARGET = 10.14;
				MARKETING_VERSION = 1.0;
				OTHER_LDFLAGS = (
					"-framework",
					SafariServices,
					"-framework",
					WebKit,
				);
				PRODUCT_BUNDLE_IDENTIFIER = "mourud.com.netflix-subs-mp";
				PRODUCT_NAME = "netflix-double-subtitles";
				SDKROOT = macosx;
				SWIFT_EMIT_LOC_STRINGS = YES;
				SWIFT_VERSION = 5.0;
			};
			name = Debug;
		};
		528ACB972D163252008D358C /* Release */ = {
			isa = XCBuildConfiguration;
			buildSettings = {
				ASSETCATALOG_COMPILER_APPICON_NAME = AppIcon;
				ASSETCATALOG_COMPILER_GLOBAL_ACCENT_COLOR_NAME = AccentColor;
				CODE_SIGN_ENTITLEMENTS = "macOS (App)/netflix-subs-mp.entitlements";
				CODE_SIGN_STYLE = Automatic;
				CURRENT_PROJECT_VERSION = 1;
				ENABLE_HARDENED_RUNTIME = YES;
				GENERATE_INFOPLIST_FILE = YES;
				INFOPLIST_KEY_CFBundleDisplayName = "netflix-subs-mp";
				INFOPLIST_KEY_NSMainStoryboardFile = Main;
				INFOPLIST_KEY_NSPrincipalClass = NSApplication;
				LD_RUNPATH_SEARCH_PATHS = (
					"$(inherited)",
					"@executable_path/../Frameworks",
				);
				MACOSX_DEPLOYMENT_TARGET = 10.14;
				MARKETING_VERSION = 1.0;
				OTHER_LDFLAGS = (
					"-framework",
					SafariServices,
					"-framework",
					WebKit,
				);
				PRODUCT_BUNDLE_IDENTIFIER = "mourud.com.netflix-subs-mp";
				PRODUCT_NAME = "netflix-double-subtitles";
				SDKROOT = macosx;
				SWIFT_EMIT_LOC_STRINGS = YES;
				SWIFT_VERSION = 5.0;
			};
			name = Release;
		};
		528ACB9A2D163252008D358C /* Debug */ = {
			isa = XCBuildConfiguration;
			buildSettings = {
				ALWAYS_SEARCH_USER_PATHS = NO;
				ASSETCATALOG_COMPILER_GENERATE_SWIFT_ASSET_SYMBOL_EXTENSIONS = YES;
				CLANG_ANALYZER_NONNULL = YES;
				CLANG_ANALYZER_NUMBER_OBJECT_CONVERSION = YES_AGGRESSIVE;
				CLANG_CXX_LANGUAGE_STANDARD = "gnu++20";
				CLANG_ENABLE_MODULES = YES;
				CLANG_ENABLE_OBJC_ARC = YES;
				CLANG_ENABLE_OBJC_WEAK = YES;
				CLANG_WARN_BLOCK_CAPTURE_AUTORELEASING = YES;
				CLANG_WARN_BOOL_CONVERSION = YES;
				CLANG_WARN_COMMA = YES;
				CLANG_WARN_CONSTANT_CONVERSION = YES;
				CLANG_WARN_DEPRECATED_OBJC_IMPLEMENTATIONS = YES;
				CLANG_WARN_DIRECT_OBJC_ISA_USAGE = YES_ERROR;
				CLANG_WARN_DOCUMENTATION_COMMENTS = YES;
				CLANG_WARN_EMPTY_BODY = YES;
				CLANG_WARN_ENUM_CONVERSION = YES;
				CLANG_WARN_INFINITE_RECURSION = YES;
				CLANG_WARN_INT_CONVERSION = YES;
				CLANG_WARN_NON_LITERAL_NULL_CONVERSION = YES;
				CLANG_WARN_OBJC_IMPLICIT_RETAIN_SELF = YES;
				CLANG_WARN_OBJC_LITERAL_CONVERSION = YES;
				CLANG_WARN_OBJC_ROOT_CLASS = YES_ERROR;
				CLANG_WARN_QUOTED_INCLUDE_IN_FRAMEWORK_HEADER = YES;
				CLANG_WARN_RANGE_LOOP_ANALYSIS = YES;
				CLANG_WARN_STRICT_PROTOTYPES = YES;
				CLANG_WARN_SUSPICIOUS_MOVE = YES;
				CLANG_WARN_UNGUARDED_AVAILABILITY = YES_AGGRESSIVE;
				CLANG_WARN_UNREACHABLE_CODE = YES;
				CLANG_WARN__DUPLICATE_METHOD_MATCH = YES;
				COPY_PHASE_STRIP = NO;
				DEBUG_INFORMATION_FORMAT = dwarf;
				ENABLE_STRICT_OBJC_MSGSEND = YES;
				ENABLE_TESTABILITY = YES;
				ENABLE_USER_SCRIPT_SANDBOXING = YES;
				GCC_C_LANGUAGE_STANDARD = gnu17;
				GCC_DYNAMIC_NO_PIC = NO;
				GCC_NO_COMMON_BLOCKS = YES;
				GCC_OPTIMIZATION_LEVEL = 0;
				GCC_PREPROCESSOR_DEFINITIONS = (
					"DEBUG=1",
					"$(inherited)",
				);
				GCC_WARN_64_TO_32_BIT_CONVERSION = YES;
				GCC_WARN_ABOUT_RETURN_TYPE = YES_ERROR;
				GCC_WARN_UNDECLARED_SELECTOR = YES;
				GCC_WARN_UNINITIALIZED_AUTOS = YES_AGGRESSIVE;
				GCC_WARN_UNUSED_FUNCTION = YES;
				GCC_WARN_UNUSED_VARIABLE = YES;
				LOCALIZATION_PREFERS_STRING_CATALOGS = YES;
				MTL_ENABLE_DEBUG_INFO = INCLUDE_SOURCE;
				MTL_FAST_MATH = YES;
				ONLY_ACTIVE_ARCH = YES;
				SWIFT_ACTIVE_COMPILATION_CONDITIONS = "DEBUG $(inherited)";
				SWIFT_OPTIMIZATION_LEVEL = "-Onone";
			};
			name = Debug;
		};
		528ACB9B2D163252008D358C /* Release */ = {
			isa = XCBuildConfiguration;
			buildSettings = {
				ALWAYS_SEARCH_USER_PATHS = NO;
				ASSETCATALOG_COMPILER_GENERATE_SWIFT_ASSET_SYMBOL_EXTENSIONS = YES;
				CLANG_ANALYZER_NONNULL = YES;
				CLANG_ANALYZER_NUMBER_OBJECT_CONVERSION = YES_AGGRESSIVE;
				CLANG_CXX_LANGUAGE_STANDARD = "gnu++20";
				CLANG_ENABLE_MODULES = YES;
				CLANG_ENABLE_OBJC_ARC = YES;
				CLANG_ENABLE_OBJC_WEAK = YES;
				CLANG_WARN_BLOCK_CAPTURE_AUTORELEASING = YES;
				CLANG_WARN_BOOL_CONVERSION = YES;
				CLANG_WARN_COMMA = YES;
				CLANG_WARN_CONSTANT_CONVERSION = YES;
				CLANG_WARN_DEPRECATED_OBJC_IMPLEMENTATIONS = YES;
				CLANG_WARN_DIRECT_OBJC_ISA_USAGE = YES_ERROR;
				CLANG_WARN_DOCUMENTATION_COMMENTS = YES;
				CLANG_WARN_EMPTY_BODY = YES;
				CLANG_WARN_ENUM_CONVERSION = YES;
				CLANG_WARN_INFINITE_RECURSION = YES;
				CLANG_WARN_INT_CONVERSION = YES;
				CLANG_WARN_NON_LITERAL_NULL_CONVERSION = YES;
				CLANG_WARN_OBJC_IMPLICIT_RETAIN_SELF = YES;
				CLANG_WARN_OBJC_LITERAL_CONVERSION = YES;
				CLANG_WARN_OBJC_ROOT_CLASS = YES_ERROR;
				CLANG_WARN_QUOTED_INCLUDE_IN_FRAMEWORK_HEADER = YES;
				CLANG_WARN_RANGE_LOOP_ANALYSIS = YES;
				CLANG_WARN_STRICT_PROTOTYPES = YES;
				CLANG_WARN_SUSPICIOUS_MOVE = YES;
				CLANG_WARN_UNGUARDED_AVAILABILITY = YES_AGGRESSIVE;
				CLANG_WARN_UNREACHABLE_CODE = YES;
				CLANG_WARN__DUPLICATE_METHOD_MATCH = YES;
				COPY_PHASE_STRIP = NO;
				DEBUG_INFORMATION_FORMAT = "dwarf-with-dsym";
				ENABLE_NS_ASSERTIONS = NO;
				ENABLE_STRICT_OBJC_MSGSEND = YES;
				ENABLE_USER_SCRIPT_SANDBOXING = YES;
				GCC_C_LANGUAGE_STANDARD = gnu17;
				GCC_NO_COMMON_BLOCKS = YES;
				GCC_WARN_64_TO_32_BIT_CONVERSION = YES;
				GCC_WARN_ABOUT_RETURN_TYPE = YES_ERROR;
				GCC_WARN_UNDECLARED_SELECTOR = YES;
				GCC_WARN_UNINITIALIZED_AUTOS = YES_AGGRESSIVE;
				GCC_WARN_UNUSED_FUNCTION = YES;
				GCC_WARN_UNUSED_VARIABLE = YES;
				LOCALIZATION_PREFERS_STRING_CATALOGS = YES;
				MTL_ENABLE_DEBUG_INFO = NO;
				MTL_FAST_MATH = YES;
				SWIFT_COMPILATION_MODE = wholemodule;
			};
			name = Release;
		};
/* End XCBuildConfiguration section */

/* Begin XCConfigurationList section */
		528ACB1F2D16324F008D358C /* Build configuration list for PBXProject "netflix-double-subtitles" */ = {
			isa = XCConfigurationList;
			buildConfigurations = (
				528ACB9A2D163252008D358C /* Debug */,
				528ACB9B2D163252008D358C /* Release */,
			);
			defaultConfigurationIsVisible = 0;
			defaultConfigurationName = Release;
		};
		528ACB862D163252008D358C /* Build configuration list for PBXNativeTarget "netflix-double-subtitles Extension (iOS)" */ = {
			isa = XCConfigurationList;
			buildConfigurations = (
				528ACB872D163252008D358C /* Debug */,
				528ACB882D163252008D358C /* Release */,
			);
			defaultConfigurationIsVisible = 0;
			defaultConfigurationName = Release;
		};
		528ACB8B2D163252008D358C /* Build configuration list for PBXNativeTarget "netflix-double-subtitles (iOS)" */ = {
			isa = XCConfigurationList;
			buildConfigurations = (
				528ACB8C2D163252008D358C /* Debug */,
				528ACB8D2D163252008D358C /* Release */,
			);
			defaultConfigurationIsVisible = 0;
			defaultConfigurationName = Release;
		};
		528ACB902D163252008D358C /* Build configuration list for PBXNativeTarget "netflix-double-subtitles Extension (macOS)" */ = {
			isa = XCConfigurationList;
			buildConfigurations = (
				528ACB912D163252008D358C /* Debug */,
				528ACB922D163252008D358C /* Release */,
			);
			defaultConfigurationIsVisible = 0;
			defaultConfigurationName = Release;
		};
		528ACB952D163252008D358C /* Build configuration list for PBXNativeTarget "netflix-double-subtitles (macOS)" */ = {
			isa = XCConfigurationList;
			buildConfigurations = (
				528ACB962D163252008D358C /* Debug */,
				528ACB972D163252008D358C /* Release */,
			);
			defaultConfigurationIsVisible = 0;
			defaultConfigurationName = Release;
		};
/* End XCConfigurationList section */
	};
	rootObject = 528ACB1C2D16324F008D358C /* Project object */;
}
